// !$*UTF8*$!
{
	archiveVersion = 1;
	classes = {
	};
	objectVersion = 56;
	objects = {

/* Begin PBXBuildFile section */
		3F2EA39C2EDD1AA000FD0D40 /* AquariumApp.swift in Sources */ = {isa = PBXBuildFile; fileRef = 3F2EA39B2EDD1AA000FD0D40 /* AquariumApp.swift */; };
		3F2EA39E2EDD1AA000FD0D40 /* ContentView.swift in Sources */ = {isa = PBXBuildFile; fileRef = 3F2EA39D2EDD1AA000FD0D40 /* ContentView.swift */; };
		3F2EA3A02EDD1AA000FD0D40 /* Item.swift in Sources */ = {isa = PBXBuildFile; fileRef = 3F2EA39F2EDD1AA000FD0D40 /* Item.swift */; };
		3F2EA3A22EDD1AA100FD0D40 /* Assets.xcassets in Resources */ = {isa = PBXBuildFile; fileRef = 3F2EA3A12EDD1AA100FD0D40 /* Assets.xcassets */; };
		3F2EA3A62EDD1AA100FD0D40 /* Preview Assets.xcassets in Resources */ = {isa = PBXBuildFile; fileRef = 3F2EA3A52EDD1AA100FD0D40 /* Preview Assets.xcassets */; };
		3F2EA3B02EDD1AA100FD0D40 /* AquariumTests.swift in Sources */ = {isa = PBXBuildFile; fileRef = 3F2EA3AF2EDD1AA100FD0D40 /* AquariumTests.swift */; };
		3F2EA3BA2EDD1AA100FD0D40 /* AquariumUITests.swift in Sources */ = {isa = PBXBuildFile; fileRef = 3F2EA3B92EDD1AA100FD0D40 /* AquariumUITests.swift */; };
		3F2EA3BC2EDD1AA100FD0D40 /* AquariumUITestsLaunchTests.swift in Sources */ = {isa = PBXBuildFile; fileRef = 3F2EA3BB2EDD1AA100FD0D40 /* AquariumUITestsLaunchTests.swift */; };
		3F2EA3C92EDD275900FD0D40 /* AquariumScene.swift in Sources */ = {isa = PBXBuildFile; fileRef = 3F2EA3C82EDD275900FD0D40 /* AquariumScene.swift */; };
		3F2EA3CB2EDD2AC800FD0D40 /* Entity.swift in Sources */ = {isa = PBXBuildFile; fileRef = 3F2EA3CA2EDD2AC800FD0D40 /* Entity.swift */; };
		3F2EA3CD2EDD2AF800FD0D40 /* Fish.swift in Sources */ = {isa = PBXBuildFile; fileRef = 3F2EA3CC2EDD2AF800FD0D40 /* Fish.swift */; };
		3F2EA3CF2EDD2B1D00FD0D40 /* Predator.swift in Sources */ = {isa = PBXBuildFile; fileRef = 3F2EA3CE2EDD2B1D00FD0D40 /* Predator.swift */; };
/* End PBXBuildFile section */

/* Begin PBXContainerItemProxy section */
		3F2EA3AC2EDD1AA100FD0D40 /* PBXContainerItemProxy */ = {
			isa = PBXContainerItemProxy;
			containerPortal = 3F2EA3902EDD1AA000FD0D40 /* Project object */;
			proxyType = 1;
			remoteGlobalIDString = 3F2EA3972EDD1AA000FD0D40;
			remoteInfo = Aquarium;
		};
		3F2EA3B62EDD1AA100FD0D40 /* PBXContainerItemProxy */ = {
			isa = PBXContainerItemProxy;
			containerPortal = 3F2EA3902EDD1AA000FD0D40 /* Project object */;
			proxyType = 1;
			remoteGlobalIDString = 3F2EA3972EDD1AA000FD0D40;
			remoteInfo = Aquarium;
		};
/* End PBXContainerItemProxy section */

/* Begin PBXFileReference section */
		3F2EA3982EDD1AA000FD0D40 /* Aquarium.app */ = {isa = PBXFileReference; explicitFileType = wrapper.application; includeInIndex = 0; path = Aquarium.app; sourceTree = BUILT_PRODUCTS_DIR; };
		3F2EA39B2EDD1AA000FD0D40 /* AquariumApp.swift */ = {isa = PBXFileReference; lastKnownFileType = sourcecode.swift; path = AquariumApp.swift; sourceTree = "<group>"; };
		3F2EA39D2EDD1AA000FD0D40 /* ContentView.swift */ = {isa = PBXFileReference; lastKnownFileType = sourcecode.swift; path = ContentView.swift; sourceTree = "<group>"; };
		3F2EA39F2EDD1AA000FD0D40 /* Item.swift */ = {isa = PBXFileReference; lastKnownFileType = sourcecode.swift; path = Item.swift; sourceTree = "<group>"; };
		3F2EA3A12EDD1AA100FD0D40 /* Assets.xcassets */ = {isa = PBXFileReference; lastKnownFileType = folder.assetcatalog; path = Assets.xcassets; sourceTree = "<group>"; };
		3F2EA3A32EDD1AA100FD0D40 /* Aquarium.entitlements */ = {isa = PBXFileReference; lastKnownFileType = text.plist.entitlements; path = Aquarium.entitlements; sourceTree = "<group>"; };
		3F2EA3A52EDD1AA100FD0D40 /* Preview Assets.xcassets */ = {isa = PBXFileReference; lastKnownFileType = folder.assetcatalog; path = "Preview Assets.xcassets"; sourceTree = "<group>"; };
		3F2EA3AB2EDD1AA100FD0D40 /* AquariumTests.xctest */ = {isa = PBXFileReference; explicitFileType = wrapper.cfbundle; includeInIndex = 0; path = AquariumTests.xctest; sourceTree = BUILT_PRODUCTS_DIR; };
		3F2EA3AF2EDD1AA100FD0D40 /* AquariumTests.swift */ = {isa = PBXFileReference; lastKnownFileType = sourcecode.swift; path = AquariumTests.swift; sourceTree = "<group>"; };
		3F2EA3B52EDD1AA100FD0D40 /* AquariumUITests.xctest */ = {isa = PBXFileReference; explicitFileType = wrapper.cfbundle; includeInIndex = 0; path = AquariumUITests.xctest; sourceTree = BUILT_PRODUCTS_DIR; };
		3F2EA3B92EDD1AA100FD0D40 /* AquariumUITests.swift */ = {isa = PBXFileReference; lastKnownFileType = sourcecode.swift; path = AquariumUITests.swift; sourceTree = "<group>"; };
		3F2EA3BB2EDD1AA100FD0D40 /* AquariumUITestsLaunchTests.swift */ = {isa = PBXFileReference; lastKnownFileType = sourcecode.swift; path = AquariumUITestsLaunchTests.swift; sourceTree = "<group>"; };
		3F2EA3C82EDD275900FD0D40 /* AquariumScene.swift */ = {isa = PBXFileReference; lastKnownFileType = sourcecode.swift; path = AquariumScene.swift; sourceTree = "<group>"; };
		3F2EA3CA2EDD2AC800FD0D40 /* Entity.swift */ = {isa = PBXFileReference; lastKnownFileType = sourcecode.swift; path = Entity.swift; sourceTree = "<group>"; };
		3F2EA3CC2EDD2AF800FD0D40 /* Fish.swift */ = {isa = PBXFileReference; lastKnownFileType = sourcecode.swift; path = Fish.swift; sourceTree = "<group>"; };
		3F2EA3CE2EDD2B1D00FD0D40 /* Predator.swift */ = {isa = PBXFileReference; lastKnownFileType = sourcecode.swift; path = Predator.swift; sourceTree = "<group>"; };
/* End PBXFileReference section */

/* Begin PBXFrameworksBuildPhase section */
		3F2EA3952EDD1AA000FD0D40 /* Frameworks */ = {
			isa = PBXFrameworksBuildPhase;
			buildActionMask = 2147483647;
			files = (
			);
			runOnlyForDeploymentPostprocessing = 0;
		};
		3F2EA3A82EDD1AA100FD0D40 /* Frameworks */ = {
			isa = PBXFrameworksBuildPhase;
			buildActionMask = 2147483647;
			files = (
			);
			runOnlyForDeploymentPostprocessing = 0;
		};
		3F2EA3B22EDD1AA100FD0D40 /* Frameworks */ = {
			isa = PBXFrameworksBuildPhase;
			buildActionMask = 2147483647;
			files = (
			);
			runOnlyForDeploymentPostprocessing = 0;
		};
/* End PBXFrameworksBuildPhase section */

/* Begin PBXGroup section */
		3F2EA38F2EDD1AA000FD0D40 = {
			isa = PBXGroup;
			children = (
				3F2EA39A2EDD1AA000FD0D40 /* Aquarium */,
				3F2EA3AE2EDD1AA100FD0D40 /* AquariumTests */,
				3F2EA3B82EDD1AA100FD0D40 /* AquariumUITests */,
				3F2EA3992EDD1AA000FD0D40 /* Products */,
			);
			sourceTree = "<group>";
		};
		3F2EA3992EDD1AA000FD0D40 /* Products */ = {
			isa = PBXGroup;
			children = (
				3F2EA3982EDD1AA000FD0D40 /* Aquarium.app */,
				3F2EA3AB2EDD1AA100FD0D40 /* AquariumTests.xctest */,
				3F2EA3B52EDD1AA100FD0D40 /* AquariumUITests.xctest */,
			);
			name = Products;
			sourceTree = "<group>";
		};
		3F2EA39A2EDD1AA000FD0D40 /* Aquarium */ = {
			isa = PBXGroup;
			children = (
				3F2EA39B2EDD1AA000FD0D40 /* AquariumApp.swift */,
				3F2EA39D2EDD1AA000FD0D40 /* ContentView.swift */,
				3F2EA39F2EDD1AA000FD0D40 /* Item.swift */,
				3F2EA3A12EDD1AA100FD0D40 /* Assets.xcassets */,
				3F2EA3A32EDD1AA100FD0D40 /* Aquarium.entitlements */,
				3F2EA3A42EDD1AA100FD0D40 /* Preview Content */,
				3F2EA3C82EDD275900FD0D40 /* AquariumScene.swift */,
				3F2EA3CA2EDD2AC800FD0D40 /* Entity.swift */,
				3F2EA3CC2EDD2AF800FD0D40 /* Fish.swift */,
				3F2EA3CE2EDD2B1D00FD0D40 /* Predator.swift */,
			);
			path = Aquarium;
			sourceTree = "<group>";
		};
		3F2EA3A42EDD1AA100FD0D40 /* Preview Content */ = {
			isa = PBXGroup;
			children = (
				3F2EA3A52EDD1AA100FD0D40 /* Preview Assets.xcassets */,
			);
			path = "Preview Content";
			sourceTree = "<group>";
		};
		3F2EA3AE2EDD1AA100FD0D40 /* AquariumTests */ = {
			isa = PBXGroup;
			children = (
				3F2EA3AF2EDD1AA100FD0D40 /* AquariumTests.swift */,
			);
			path = AquariumTests;
			sourceTree = "<group>";
		};
		3F2EA3B82EDD1AA100FD0D40 /* AquariumUITests */ = {
			isa = PBXGroup;
			children = (
				3F2EA3B92EDD1AA100FD0D40 /* AquariumUITests.swift */,
				3F2EA3BB2EDD1AA100FD0D40 /* AquariumUITestsLaunchTests.swift */,
			);
			path = AquariumUITests;
			sourceTree = "<group>";
		};
/* End PBXGroup section */

/* Begin PBXNativeTarget section */
		3F2EA3972EDD1AA000FD0D40 /* Aquarium */ = {
			isa = PBXNativeTarget;
			buildConfigurationList = 3F2EA3BF2EDD1AA100FD0D40 /* Build configuration list for PBXNativeTarget "Aquarium" */;
			buildPhases = (
				3F2EA3942EDD1AA000FD0D40 /* Sources */,
				3F2EA3952EDD1AA000FD0D40 /* Frameworks */,
				3F2EA3962EDD1AA000FD0D40 /* Resources */,
			);
			buildRules = (
			);
			dependencies = (
			);
			name = Aquarium;
			productName = Aquarium;
			productReference = 3F2EA3982EDD1AA000FD0D40 /* Aquarium.app */;
			productType = "com.apple.product-type.application";
		};
		3F2EA3AA2EDD1AA100FD0D40 /* AquariumTests */ = {
			isa = PBXNativeTarget;
			buildConfigurationList = 3F2EA3C22EDD1AA100FD0D40 /* Build configuration list for PBXNativeTarget "AquariumTests" */;
			buildPhases = (
				3F2EA3A72EDD1AA100FD0D40 /* Sources */,
				3F2EA3A82EDD1AA100FD0D40 /* Frameworks */,
				3F2EA3A92EDD1AA100FD0D40 /* Resources */,
			);
			buildRules = (
			);
			dependencies = (
				3F2EA3AD2EDD1AA100FD0D40 /* PBXTargetDependency */,
			);
			name = AquariumTests;
			productName = AquariumTests;
			productReference = 3F2EA3AB2EDD1AA100FD0D40 /* AquariumTests.xctest */;
			productType = "com.apple.product-type.bundle.unit-test";
		};
		3F2EA3B42EDD1AA100FD0D40 /* AquariumUITests */ = {
			isa = PBXNativeTarget;
			buildConfigurationList = 3F2EA3C52EDD1AA100FD0D40 /* Build configuration list for PBXNativeTarget "AquariumUITests" */;
			buildPhases = (
				3F2EA3B12EDD1AA100FD0D40 /* Sources */,
				3F2EA3B22EDD1AA100FD0D40 /* Frameworks */,
				3F2EA3B32EDD1AA100FD0D40 /* Resources */,
			);
			buildRules = (
			);
			dependencies = (
				3F2EA3B72EDD1AA100FD0D40 /* PBXTargetDependency */,
			);
			name = AquariumUITests;
			productName = AquariumUITests;
			productReference = 3F2EA3B52EDD1AA100FD0D40 /* AquariumUITests.xctest */;
			productType = "com.apple.product-type.bundle.ui-testing";
		};
/* End PBXNativeTarget section */

/* Begin PBXProject section */
		3F2EA3902EDD1AA000FD0D40 /* Project object */ = {
			isa = PBXProject;
			attributes = {
				BuildIndependentTargetsInParallel = 1;
				LastSwiftUpdateCheck = 1540;
				LastUpgradeCheck = 1540;
				TargetAttributes = {
					3F2EA3972EDD1AA000FD0D40 = {
						CreatedOnToolsVersion = 15.4;
					};
					3F2EA3AA2EDD1AA100FD0D40 = {
						CreatedOnToolsVersion = 15.4;
						TestTargetID = 3F2EA3972EDD1AA000FD0D40;
					};
					3F2EA3B42EDD1AA100FD0D40 = {
						CreatedOnToolsVersion = 15.4;
						TestTargetID = 3F2EA3972EDD1AA000FD0D40;
					};
				};
			};
			buildConfigurationList = 3F2EA3932EDD1AA000FD0D40 /* Build configuration list for PBXProject "Aquarium" */;
			compatibilityVersion = "Xcode 14.0";
			developmentRegion = en;
			hasScannedForEncodings = 0;
			knownRegions = (
				en,
				Base,
			);
			mainGroup = 3F2EA38F2EDD1AA000FD0D40;
			productRefGroup = 3F2EA3992EDD1AA000FD0D40 /* Products */;
			projectDirPath = "";
			projectRoot = "";
			targets = (
				3F2EA3972EDD1AA000FD0D40 /* Aquarium */,
				3F2EA3AA2EDD1AA100FD0D40 /* AquariumTests */,
				3F2EA3B42EDD1AA100FD0D40 /* AquariumUITests */,
			);
		};
/* End PBXProject section */

/* Begin PBXResourcesBuildPhase section */
		3F2EA3962EDD1AA000FD0D40 /* Resources */ = {
			isa = PBXResourcesBuildPhase;
			buildActionMask = 2147483647;
			files = (
				3F2EA3A62EDD1AA100FD0D40 /* Preview Assets.xcassets in Resources */,
				3F2EA3A22EDD1AA100FD0D40 /* Assets.xcassets in Resources */,
			);
			runOnlyForDeploymentPostprocessing = 0;
		};
		3F2EA3A92EDD1AA100FD0D40 /* Resources */ = {
			isa = PBXResourcesBuildPhase;
			buildActionMask = 2147483647;
			files = (
			);
			runOnlyForDeploymentPostprocessing = 0;
		};
		3F2EA3B32EDD1AA100FD0D40 /* Resources */ = {
			isa = PBXResourcesBuildPhase;
			buildActionMask = 2147483647;
			files = (
			);
			runOnlyForDeploymentPostprocessing = 0;
		};
/* End PBXResourcesBuildPhase section */

/* Begin PBXSourcesBuildPhase section */
		3F2EA3942EDD1AA000FD0D40 /* Sources */ = {
			isa = PBXSourcesBuildPhase;
			buildActionMask = 2147483647;
			files = (
				3F2EA39E2EDD1AA000FD0D40 /* ContentView.swift in Sources */,
				3F2EA3CF2EDD2B1D00FD0D40 /* Predator.swift in Sources */,
				3F2EA3CD2EDD2AF800FD0D40 /* Fish.swift in Sources */,
				3F2EA3CB2EDD2AC800FD0D40 /* Entity.swift in Sources */,
				3F2EA3C92EDD275900FD0D40 /* AquariumScene.swift in Sources */,
				3F2EA3A02EDD1AA000FD0D40 /* Item.swift in Sources */,
				3F2EA39C2EDD1AA000FD0D40 /* AquariumApp.swift in Sources */,
			);
			runOnlyForDeploymentPostprocessing = 0;
		};
		3F2EA3A72EDD1AA100FD0D40 /* Sources */ = {
			isa = PBXSourcesBuildPhase;
			buildActionMask = 2147483647;
			files = (
				3F2EA3B02EDD1AA100FD0D40 /* AquariumTests.swift in Sources */,
			);
			runOnlyForDeploymentPostprocessing = 0;
		};
		3F2EA3B12EDD1AA100FD0D40 /* Sources */ = {
			isa = PBXSourcesBuildPhase;
			buildActionMask = 2147483647;
			files = (
				3F2EA3BC2EDD1AA100FD0D40 /* AquariumUITestsLaunchTests.swift in Sources */,
				3F2EA3BA2EDD1AA100FD0D40 /* AquariumUITests.swift in Sources */,
			);
			runOnlyForDeploymentPostprocessing = 0;
		};
/* End PBXSourcesBuildPhase section */

/* Begin PBXTargetDependency section */
		3F2EA3AD2EDD1AA100FD0D40 /* PBXTargetDependency */ = {
			isa = PBXTargetDependency;
			target = 3F2EA3972EDD1AA000FD0D40 /* Aquarium */;
			targetProxy = 3F2EA3AC2EDD1AA100FD0D40 /* PBXContainerItemProxy */;
		};
		3F2EA3B72EDD1AA100FD0D40 /* PBXTargetDependency */ = {
			isa = PBXTargetDependency;
			target = 3F2EA3972EDD1AA000FD0D40 /* Aquarium */;
			targetProxy = 3F2EA3B62EDD1AA100FD0D40 /* PBXContainerItemProxy */;
		};
/* End PBXTargetDependency section */

/* Begin XCBuildConfiguration section */
		3F2EA3BD2EDD1AA100FD0D40 /* Debug */ = {
			isa = XCBuildConfiguration;
			buildSettings = {
				ALWAYS_SEARCH_USER_PATHS = NO;
				ASSETCATALOG_COMPILER_GENERATE_SWIFT_ASSET_SYMBOL_EXTENSIONS = YES;
				CLANG_ANALYZER_NONNULL = YES;
				CLANG_ANALYZER_NUMBER_OBJECT_CONVERSION = YES_AGGRESSIVE;
				CLANG_CXX_LANGUAGE_STANDARD = "gnu++20";
				CLANG_ENABLE_MODULES = YES;
				CLANG_ENABLE_OBJC_ARC = YES;
				CLANG_ENABLE_OBJC_WEAK = YES;
				CLANG_WARN_BLOCK_CAPTURE_AUTORELEASING = YES;
				CLANG_WARN_BOOL_CONVERSION = YES;
				CLANG_WARN_COMMA = YES;
				CLANG_WARN_CONSTANT_CONVERSION = YES;
				CLANG_WARN_DEPRECATED_OBJC_IMPLEMENTATIONS = YES;
				CLANG_WARN_DIRECT_OBJC_ISA_USAGE = YES_ERROR;
				CLANG_WARN_DOCUMENTATION_COMMENTS = YES;
				CLANG_WARN_EMPTY_BODY = YES;
				CLANG_WARN_ENUM_CONVERSION = YES;
				CLANG_WARN_INFINITE_RECURSION = YES;
				CLANG_WARN_INT_CONVERSION = YES;
				CLANG_WARN_NON_LITERAL_NULL_CONVERSION = YES;
				CLANG_WARN_OBJC_IMPLICIT_RETAIN_SELF = YES;
				CLANG_WARN_OBJC_LITERAL_CONVERSION = YES;
				CLANG_WARN_OBJC_ROOT_CLASS = YES_ERROR;
				CLANG_WARN_QUOTED_INCLUDE_IN_FRAMEWORK_HEADER = YES;
				CLANG_WARN_RANGE_LOOP_ANALYSIS = YES;
				CLANG_WARN_STRICT_PROTOTYPES = YES;
				CLANG_WARN_SUSPICIOUS_MOVE = YES;
				CLANG_WARN_UNGUARDED_AVAILABILITY = YES_AGGRESSIVE;
				CLANG_WARN_UNREACHABLE_CODE = YES;
				CLANG_WARN__DUPLICATE_METHOD_MATCH = YES;
				COPY_PHASE_STRIP = NO;
				DEBUG_INFORMATION_FORMAT = dwarf;
				ENABLE_STRICT_OBJC_MSGSEND = YES;
				ENABLE_TESTABILITY = YES;
				ENABLE_USER_SCRIPT_SANDBOXING = YES;
				GCC_C_LANGUAGE_STANDARD = gnu17;
				GCC_DYNAMIC_NO_PIC = NO;
				GCC_NO_COMMON_BLOCKS = YES;
				GCC_OPTIMIZATION_LEVEL = 0;
				GCC_PREPROCESSOR_DEFINITIONS = (
					"DEBUG=1",
					"$(inherited)",
				);
				GCC_WARN_64_TO_32_BIT_CONVERSION = YES;
				GCC_WARN_ABOUT_RETURN_TYPE = YES_ERROR;
				GCC_WARN_UNDECLARED_SELECTOR = YES;
				GCC_WARN_UNINITIALIZED_AUTOS = YES_AGGRESSIVE;
				GCC_WARN_UNUSED_FUNCTION = YES;
				GCC_WARN_UNUSED_VARIABLE = YES;
				LOCALIZATION_PREFERS_STRING_CATALOGS = YES;
				MTL_ENABLE_DEBUG_INFO = INCLUDE_SOURCE;
				MTL_FAST_MATH = YES;
				ONLY_ACTIVE_ARCH = YES;
				SWIFT_ACTIVE_COMPILATION_CONDITIONS = "DEBUG $(inherited)";
				SWIFT_OPTIMIZATION_LEVEL = "-Onone";
			};
			name = Debug;
		};
		3F2EA3BE2EDD1AA100FD0D40 /* Release */ = {
			isa = XCBuildConfiguration;
			buildSettings = {
				ALWAYS_SEARCH_USER_PATHS = NO;
				ASSETCATALOG_COMPILER_GENERATE_SWIFT_ASSET_SYMBOL_EXTENSIONS = YES;
				CLANG_ANALYZER_NONNULL = YES;
				CLANG_ANALYZER_NUMBER_OBJECT_CONVERSION = YES_AGGRESSIVE;
				CLANG_CXX_LANGUAGE_STANDARD = "gnu++20";
				CLANG_ENABLE_MODULES = YES;
				CLANG_ENABLE_OBJC_ARC = YES;
				CLANG_ENABLE_OBJC_WEAK = YES;
				CLANG_WARN_BLOCK_CAPTURE_AUTORELEASING = YES;
				CLANG_WARN_BOOL_CONVERSION = YES;
				CLANG_WARN_COMMA = YES;
				CLANG_WARN_CONSTANT_CONVERSION = YES;
				CLANG_WARN_DEPRECATED_OBJC_IMPLEMENTATIONS = YES;
				CLANG_WARN_DIRECT_OBJC_ISA_USAGE = YES_ERROR;
				CLANG_WARN_DOCUMENTATION_COMMENTS = YES;
				CLANG_WARN_EMPTY_BODY = YES;
				CLANG_WARN_ENUM_CONVERSION = YES;
				CLANG_WARN_INFINITE_RECURSION = YES;
				CLANG_WARN_INT_CONVERSION = YES;
				CLANG_WARN_NON_LITERAL_NULL_CONVERSION = YES;
				CLANG_WARN_OBJC_IMPLICIT_RETAIN_SELF = YES;
				CLANG_WARN_OBJC_LITERAL_CONVERSION = YES;
				CLANG_WARN_OBJC_ROOT_CLASS = YES_ERROR;
				CLANG_WARN_QUOTED_INCLUDE_IN_FRAMEWORK_HEADER = YES;
				CLANG_WARN_RANGE_LOOP_ANALYSIS = YES;
				CLANG_WARN_STRICT_PROTOTYPES = YES;
				CLANG_WARN_SUSPICIOUS_MOVE = YES;
				CLANG_WARN_UNGUARDED_AVAILABILITY = YES_AGGRESSIVE;
				CLANG_WARN_UNREACHABLE_CODE = YES;
				CLANG_WARN__DUPLICATE_METHOD_MATCH = YES;
				COPY_PHASE_STRIP = NO;
				DEBUG_INFORMATION_FORMAT = "dwarf-with-dsym";
				ENABLE_NS_ASSERTIONS = NO;
				ENABLE_STRICT_OBJC_MSGSEND = YES;
				ENABLE_USER_SCRIPT_SANDBOXING = YES;
				GCC_C_LANGUAGE_STANDARD = gnu17;
				GCC_NO_COMMON_BLOCKS = YES;
				GCC_WARN_64_TO_32_BIT_CONVERSION = YES;
				GCC_WARN_ABOUT_RETURN_TYPE = YES_ERROR;
				GCC_WARN_UNDECLARED_SELECTOR = YES;
				GCC_WARN_UNINITIALIZED_AUTOS = YES_AGGRESSIVE;
				GCC_WARN_UNUSED_FUNCTION = YES;
				GCC_WARN_UNUSED_VARIABLE = YES;
				LOCALIZATION_PREFERS_STRING_CATALOGS = YES;
				MTL_ENABLE_DEBUG_INFO = NO;
				MTL_FAST_MATH = YES;
				SWIFT_COMPILATION_MODE = wholemodule;
			};
			name = Release;
		};
		3F2EA3C02EDD1AA100FD0D40 /* Debug */ = {
			isa = XCBuildConfiguration;
			buildSettings = {
				ASSETCATALOG_COMPILER_APPICON_NAME = AppIcon;
				ASSETCATALOG_COMPILER_GLOBAL_ACCENT_COLOR_NAME = AccentColor;
				CODE_SIGN_ENTITLEMENTS = Aquarium/Aquarium.entitlements;
				CODE_SIGN_STYLE = Automatic;
				CURRENT_PROJECT_VERSION = 1;
				DEVELOPMENT_ASSET_PATHS = "\"Aquarium/Preview Content\"";
				ENABLE_PREVIEWS = YES;
				GENERATE_INFOPLIST_FILE = YES;
				"INFOPLIST_KEY_UIApplicationSceneManifest_Generation[sdk=iphoneos*]" = YES;
				"INFOPLIST_KEY_UIApplicationSceneManifest_Generation[sdk=iphonesimulator*]" = YES;
				"INFOPLIST_KEY_UIApplicationSupportsIndirectInputEvents[sdk=iphoneos*]" = YES;
				"INFOPLIST_KEY_UIApplicationSupportsIndirectInputEvents[sdk=iphonesimulator*]" = YES;
				"INFOPLIST_KEY_UILaunchScreen_Generation[sdk=iphoneos*]" = YES;
				"INFOPLIST_KEY_UILaunchScreen_Generation[sdk=iphonesimulator*]" = YES;
				"INFOPLIST_KEY_UIStatusBarStyle[sdk=iphoneos*]" = UIStatusBarStyleDefault;
				"INFOPLIST_KEY_UIStatusBarStyle[sdk=iphonesimulator*]" = UIStatusBarStyleDefault;
				INFOPLIST_KEY_UISupportedInterfaceOrientations_iPad = "UIInterfaceOrientationPortrait UIInterfaceOrientationPortraitUpsideDown UIInterfaceOrientationLandscapeLeft UIInterfaceOrientationLandscapeRight";
				INFOPLIST_KEY_UISupportedInterfaceOrientations_iPhone = "UIInterfaceOrientationPortrait UIInterfaceOrientationLandscapeLeft UIInterfaceOrientationLandscapeRight";
				IPHONEOS_DEPLOYMENT_TARGET = 17.5;
				LD_RUNPATH_SEARCH_PATHS = "@executable_path/Frameworks";
				"LD_RUNPATH_SEARCH_PATHS[sdk=macosx*]" = "@executable_path/../Frameworks";
				MACOSX_DEPLOYMENT_TARGET = 14.0;
				MARKETING_VERSION = 1.0;
				PRODUCT_BUNDLE_IDENTIFIER = com.halfasecond.Aquarium;
				PRODUCT_NAME = "$(TARGET_NAME)";
				SDKROOT = auto;
				SUPPORTED_PLATFORMS = "iphoneos iphonesimulator macosx";
				SWIFT_EMIT_LOC_STRINGS = YES;
				SWIFT_VERSION = 5.0;
				TARGETED_DEVICE_FAMILY = "1,2";
			};
			name = Debug;
		};
		3F2EA3C12EDD1AA100FD0D40 /* Release */ = {
			isa = XCBuildConfiguration;
			buildSettings = {
				ASSETCATALOG_COMPILER_APPICON_NAME = AppIcon;
				ASSETCATALOG_COMPILER_GLOBAL_ACCENT_COLOR_NAME = AccentColor;
				CODE_SIGN_ENTITLEMENTS = Aquarium/Aquarium.entitlements;
				CODE_SIGN_STYLE = Automatic;
				CURRENT_PROJECT_VERSION = 1;
				DEVELOPMENT_ASSET_PATHS = "\"Aquarium/Preview Content\"";
				ENABLE_PREVIEWS = YES;
				GENERATE_INFOPLIST_FILE = YES;
				"INFOPLIST_KEY_UIApplicationSceneManifest_Generation[sdk=iphoneos*]" = YES;
				"INFOPLIST_KEY_UIApplicationSceneManifest_Generation[sdk=iphonesimulator*]" = YES;
				"INFOPLIST_KEY_UIApplicationSupportsIndirectInputEvents[sdk=iphoneos*]" = YES;
				"INFOPLIST_KEY_UIApplicationSupportsIndirectInputEvents[sdk=iphonesimulator*]" = YES;
				"INFOPLIST_KEY_UILaunchScreen_Generation[sdk=iphoneos*]" = YES;
				"INFOPLIST_KEY_UILaunchScreen_Generation[sdk=iphonesimulator*]" = YES;
				"INFOPLIST_KEY_UIStatusBarStyle[sdk=iphoneos*]" = UIStatusBarStyleDefault;
				"INFOPLIST_KEY_UIStatusBarStyle[sdk=iphonesimulator*]" = UIStatusBarStyleDefault;
				INFOPLIST_KEY_UISupportedInterfaceOrientations_iPad = "UIInterfaceOrientationPortrait UIInterfaceOrientationPortraitUpsideDown UIInterfaceOrientationLandscapeLeft UIInterfaceOrientationLandscapeRight";
				INFOPLIST_KEY_UISupportedInterfaceOrientations_iPhone = "UIInterfaceOrientationPortrait UIInterfaceOrientationLandscapeLeft UIInterfaceOrientationLandscapeRight";
				IPHONEOS_DEPLOYMENT_TARGET = 17.5;
				LD_RUNPATH_SEARCH_PATHS = "@executable_path/Frameworks";
				"LD_RUNPATH_SEARCH_PATHS[sdk=macosx*]" = "@executable_path/../Frameworks";
				MACOSX_DEPLOYMENT_TARGET = 14.0;
				MARKETING_VERSION = 1.0;
				PRODUCT_BUNDLE_IDENTIFIER = com.halfasecond.Aquarium;
				PRODUCT_NAME = "$(TARGET_NAME)";
				SDKROOT = auto;
				SUPPORTED_PLATFORMS = "iphoneos iphonesimulator macosx";
				SWIFT_EMIT_LOC_STRINGS = YES;
				SWIFT_VERSION = 5.0;
				TARGETED_DEVICE_FAMILY = "1,2";
			};
			name = Release;
		};
		3F2EA3C32EDD1AA100FD0D40 /* Debug */ = {
			isa = XCBuildConfiguration;
			buildSettings = {
				ALWAYS_EMBED_SWIFT_STANDARD_LIBRARIES = YES;
				BUNDLE_LOADER = "$(TEST_HOST)";
				CODE_SIGN_STYLE = Automatic;
				CURRENT_PROJECT_VERSION = 1;
				GENERATE_INFOPLIST_FILE = YES;
				IPHONEOS_DEPLOYMENT_TARGET = 17.5;
				MACOSX_DEPLOYMENT_TARGET = 14.2;
				MARKETING_VERSION = 1.0;
				PRODUCT_BUNDLE_IDENTIFIER = com.halfasecond.AquariumTests;
				PRODUCT_NAME = "$(TARGET_NAME)";
				SDKROOT = auto;
				SUPPORTED_PLATFORMS = "iphoneos iphonesimulator macosx";
				SWIFT_EMIT_LOC_STRINGS = NO;
				SWIFT_VERSION = 5.0;
				TARGETED_DEVICE_FAMILY = "1,2";
				TEST_HOST = "$(BUILT_PRODUCTS_DIR)/Aquarium.app/$(BUNDLE_EXECUTABLE_FOLDER_PATH)/Aquarium";
			};
			name = Debug;
		};
		3F2EA3C42EDD1AA100FD0D40 /* Release */ = {
			isa = XCBuildConfiguration;
			buildSettings = {
				ALWAYS_EMBED_SWIFT_STANDARD_LIBRARIES = YES;
				BUNDLE_LOADER = "$(TEST_HOST)";
				CODE_SIGN_STYLE = Automatic;
				CURRENT_PROJECT_VERSION = 1;
				GENERATE_INFOPLIST_FILE = YES;
				IPHONEOS_DEPLOYMENT_TARGET = 17.5;
				MACOSX_DEPLOYMENT_TARGET = 14.2;
				MARKETING_VERSION = 1.0;
				PRODUCT_BUNDLE_IDENTIFIER = com.halfasecond.AquariumTests;
				PRODUCT_NAME = "$(TARGET_NAME)";
				SDKROOT = auto;
				SUPPORTED_PLATFORMS = "iphoneos iphonesimulator macosx";
				SWIFT_EMIT_LOC_STRINGS = NO;
				SWIFT_VERSION = 5.0;
				TARGETED_DEVICE_FAMILY = "1,2";
				TEST_HOST = "$(BUILT_PRODUCTS_DIR)/Aquarium.app/$(BUNDLE_EXECUTABLE_FOLDER_PATH)/Aquarium";
			};
			name = Release;
		};
		3F2EA3C62EDD1AA100FD0D40 /* Debug */ = {
			isa = XCBuildConfiguration;
			buildSettings = {
				ALWAYS_EMBED_SWIFT_STANDARD_LIBRARIES = YES;
				CODE_SIGN_STYLE = Automatic;
				CURRENT_PROJECT_VERSION = 1;
				GENERATE_INFOPLIST_FILE = YES;
				IPHONEOS_DEPLOYMENT_TARGET = 17.5;
				MACOSX_DEPLOYMENT_TARGET = 14.2;
				MARKETING_VERSION = 1.0;
				PRODUCT_BUNDLE_IDENTIFIER = com.halfasecond.AquariumUITests;
				PRODUCT_NAME = "$(TARGET_NAME)";
				SDKROOT = auto;
				SUPPORTED_PLATFORMS = "iphoneos iphonesimulator macosx";
				SWIFT_EMIT_LOC_STRINGS = NO;
				SWIFT_VERSION = 5.0;
				TARGETED_DEVICE_FAMILY = "1,2";
				TEST_TARGET_NAME = Aquarium;
			};
			name = Debug;
		};
		3F2EA3C72EDD1AA100FD0D40 /* Release */ = {
			isa = XCBuildConfiguration;
			buildSettings = {
				ALWAYS_EMBED_SWIFT_STANDARD_LIBRARIES = YES;
				CODE_SIGN_STYLE = Automatic;
				CURRENT_PROJECT_VERSION = 1;
				GENERATE_INFOPLIST_FILE = YES;
				IPHONEOS_DEPLOYMENT_TARGET = 17.5;
				MACOSX_DEPLOYMENT_TARGET = 14.2;
				MARKETING_VERSION = 1.0;
				PRODUCT_BUNDLE_IDENTIFIER = com.halfasecond.AquariumUITests;
				PRODUCT_NAME = "$(TARGET_NAME)";
				SDKROOT = auto;
				SUPPORTED_PLATFORMS = "iphoneos iphonesimulator macosx";
				SWIFT_EMIT_LOC_STRINGS = NO;
				SWIFT_VERSION = 5.0;
				TARGETED_DEVICE_FAMILY = "1,2";
				TEST_TARGET_NAME = Aquarium;
			};
			name = Release;
		};
/* End XCBuildConfiguration section */

/* Begin XCConfigurationList section */
		3F2EA3932EDD1AA000FD0D40 /* Build configuration list for PBXProject "Aquarium" */ = {
			isa = XCConfigurationList;
			buildConfigurations = (
				3F2EA3BD2EDD1AA100FD0D40 /* Debug */,
				3F2EA3BE2EDD1AA100FD0D40 /* Release */,
			);
			defaultConfigurationIsVisible = 0;
			defaultConfigurationName = Release;
		};
		3F2EA3BF2EDD1AA100FD0D40 /* Build configuration list for PBXNativeTarget "Aquarium" */ = {
			isa = XCConfigurationList;
			buildConfigurations = (
				3F2EA3C02EDD1AA100FD0D40 /* Debug */,
				3F2EA3C12EDD1AA100FD0D40 /* Release */,
			);
			defaultConfigurationIsVisible = 0;
			defaultConfigurationName = Release;
		};
		3F2EA3C22EDD1AA100FD0D40 /* Build configuration list for PBXNativeTarget "AquariumTests" */ = {
			isa = XCConfigurationList;
			buildConfigurations = (
				3F2EA3C32EDD1AA100FD0D40 /* Debug */,
				3F2EA3C42EDD1AA100FD0D40 /* Release */,
			);
			defaultConfigurationIsVisible = 0;
			defaultConfigurationName = Release;
		};
		3F2EA3C52EDD1AA100FD0D40 /* Build configuration list for PBXNativeTarget "AquariumUITests" */ = {
			isa = XCConfigurationList;
			buildConfigurations = (
				3F2EA3C62EDD1AA100FD0D40 /* Debug */,
				3F2EA3C72EDD1AA100FD0D40 /* Release */,
			);
			defaultConfigurationIsVisible = 0;
			defaultConfigurationName = Release;
		};
/* End XCConfigurationList section */
	};
	rootObject = 3F2EA3902EDD1AA000FD0D40 /* Project object */;
}
